# THIS IS AN AUTOGENERATED FILE. DO NOT EDIT THIS FILE DIRECTLY.
# yarn lockfile v1


"@hyperswarm/secret-stream@^6.6.2":
  version "6.7.0"
  resolved "https://registry.yarnpkg.com/@hyperswarm/secret-stream/-/secret-stream-6.7.0.tgz#b7365ed9c3ca4155db43132cd86c95d1401c1729"
  integrity sha512-4N0x/G0VAmZaDvUAZRWEpPyAs0PnHfY+lOgNV4KLFhKNfw+GkVVXMlwpSXTDcqRSlDvla8iRg3OICZRu7RTOJQ==
  dependencies:
    b4a "^1.1.0"
    hypercore-crypto "^3.3.1"
    noise-curve-ed "^2.0.1"
    noise-handshake "^3.0.2"
    sodium-secretstream "^1.1.0"
    sodium-universal "^4.0.0"
    streamx "^2.14.0"
    timeout-refresh "^2.0.0"
    unslab "^1.3.0"

b4a@^1.1.0, b4a@^1.1.1, b4a@^1.3.0, b4a@^1.3.1, b4a@^1.5.0, b4a@^1.5.3, b4a@^1.6.1, b4a@^1.6.4, b4a@^1.6.6:
  version "1.6.7"
  resolved "https://registry.yarnpkg.com/b4a/-/b4a-1.6.7.tgz#a99587d4ebbfbd5a6e3b21bdb5d5fa385767abe4"
  integrity sha512-OnAYlL5b7LEkALw87fUVafQw5rVR9RjwGd4KUwNQ6DrrNmaVaUCgLipfVlzrPQ4tWOR9P0IXGNOx50jYCCdSJg==

bare-events@^2.2.0:
  version "2.5.0"
  resolved "https://registry.yarnpkg.com/bare-events/-/bare-events-2.5.0.tgz#305b511e262ffd8b9d5616b056464f8e1b3329cc"
  integrity sha512-/E8dDe9dsbLyh2qrZ64PEPadOQ0F4gbl1sUJOrmph7xOiIxfY8vwab/4bFLh4Y88/Hk/ujKcrQKc+ps0mv873A==

bits-to-bytes@^1.3.0:
  version "1.3.0"
  resolved "https://registry.yarnpkg.com/bits-to-bytes/-/bits-to-bytes-1.3.0.tgz#b6b0b547ff5747b0609a42e31a0b57212f09f4e7"
  integrity sha512-OJoHTpFXS9bXHBCekGTByf3MqM8CGblBDIduKQeeVVeiU9dDWywSSirXIBYGgg3d1zbVuvnMa1vD4r6PA0kOKg==
  dependencies:
    b4a "^1.5.0"

blind-relay@^1.3.0:
  version "1.3.3"
  resolved "https://registry.yarnpkg.com/blind-relay/-/blind-relay-1.3.3.tgz#b9460fac1c2e8a8a326dbbb827b8c00339ed729f"
  integrity sha512-J49HZaRLA+jgmIA+J01x0NzDtNMQVzuFfz7CnLLijIUMJkxTbaexIGI/tfk6LONcr/+INmgbS8gMLeuaRvfreA==
  dependencies:
    b4a "^1.6.4"
    bare-events "^2.2.0"
    bits-to-bytes "^1.3.0"
    compact-encoding "^2.12.0"
    compact-encoding-bitfield "^1.0.0"
    hypertrace "^1.4.1"
    protomux "^3.5.1"
    sodium-universal "^4.0.0"
    streamx "^2.15.1"

bogon@^1.0.0:
  version "1.1.0"
  resolved "https://registry.yarnpkg.com/bogon/-/bogon-1.1.0.tgz#14234260353d8f806c3a307202f66698f635d18b"
  integrity sha512-a6SnToksXHuUlgeMvI/txWmTcKz7c7iBa8f0HbXL4toN1Uza/CTQ4F7n9jSDX49TCpxv3KUP100q4sZfwLyLiw==
  dependencies:
    compact-encoding "^2.11.0"
    compact-encoding-net "^1.2.0"

compact-encoding-bitfield@^1.0.0:
  version "1.0.0"
  resolved "https://registry.yarnpkg.com/compact-encoding-bitfield/-/compact-encoding-bitfield-1.0.0.tgz#39f923263dffb68b266b6cb9dc0bae2d42cf5c4a"
  integrity sha512-3nMVKUg+PF72UHfainmCL8uKvyWfxsjqOtUY+HiMPGLPCTjnwzoKfFAMo1Ad7nwTPdjBqtGK5b3BOFTFW4EBTg==
  dependencies:
    compact-encoding "^2.4.1"

compact-encoding-net@^1.0.1, compact-encoding-net@^1.2.0:
  version "1.2.0"
  resolved "https://registry.yarnpkg.com/compact-encoding-net/-/compact-encoding-net-1.2.0.tgz#19d2efd55df10f2ee793576fc4483bf6d2218743"
  integrity sha512-LVXpNpF7PGQeHRVVLGgYWzuVoYAaDZvKUsUxRioGfkotzvOh4AzoQF1HBH3zMNaSnx7gJXuUr3hkjnijaH/Eng==
  dependencies:
    compact-encoding "^2.4.1"

compact-encoding@^2.11.0, compact-encoding@^2.12.0, compact-encoding@^2.15.0, compact-encoding@^2.4.1, compact-encoding@^2.5.1:
  version "2.15.0"
  resolved "https://registry.yarnpkg.com/compact-encoding/-/compact-encoding-2.15.0.tgz#cf787ac2e91712603b106227c761bc2a7dcedad0"
  integrity sha512-af/NomxL9Mo0lqCk++rxLLDZI+lJqeBrPt4dK6FbjxTCEhfC9yQAIoO6yq9ixyCirce0luQwErkwJrhem6clxA==
  dependencies:
    b4a "^1.3.0"

dht-rpc@^6.15.1:
  version "6.15.1"
  resolved "https://registry.yarnpkg.com/dht-rpc/-/dht-rpc-6.15.1.tgz#2fb45395130fc2a06237f7f2d7c13a638f065247"
  integrity sha512-nX5HQdkuh3wzz8QnZJJs5tKF2u0ckOxwnq8ddkMYyiwDIjlILVOdcUX0i+dwyMSsynR6I+43g9jYwZwRcFG2ww==
  dependencies:
    b4a "^1.6.1"
    bare-events "^2.2.0"
    compact-encoding "^2.11.0"
    compact-encoding-net "^1.2.0"
    fast-fifo "^1.1.0"
    kademlia-routing-table "^1.0.1"
    nat-sampler "^1.0.1"
    sodium-universal "^4.0.0"
    streamx "^2.13.2"
    time-ordered-set "^2.0.0"
    udx-native "^1.5.3"

fast-fifo@^1.1.0, fast-fifo@^1.3.2:
  version "1.3.2"
  resolved "https://registry.yarnpkg.com/fast-fifo/-/fast-fifo-1.3.2.tgz#286e31de96eb96d38a97899815740ba2a4f3640c"
  integrity sha512-/d9sfos4yxzpwkDkuN7k2SqFKtYNmCTzgfEpz82x34IM9/zc8KGxQoXg1liNC/izpRM/MBdt44Nmx41ZWqk+FQ==

hypercore-crypto@^3.3.0, hypercore-crypto@^3.3.1:
  version "3.4.2"
  resolved "https://registry.yarnpkg.com/hypercore-crypto/-/hypercore-crypto-3.4.2.tgz#4663da0776dcf4a6c9da2bc83db8592c06c83548"
  integrity sha512-16ii4M6T1dFfRa41Szv3IR0wXfImJMYJ8ysZEGwHEDH7sMeWVEBck6tg1GCNutYl39E+H7wMY2p3ndCRfj+XdQ==
  dependencies:
    b4a "^1.6.6"
    compact-encoding "^2.15.0"
    sodium-universal "^4.0.1"

hypercore-id-encoding@^1.2.0:
  version "1.3.0"
  resolved "https://registry.yarnpkg.com/hypercore-id-encoding/-/hypercore-id-encoding-1.3.0.tgz#b3822eb97bee89ac134ffea2b8b67230ca166f55"
  integrity sha512-W6sHdGo5h7LXEsoWfKf/KfuROZmZRQDlGqJF2EPHW+noCK66Vvr0+zE6cL0vqQi18s0kQPeN7Sq3QyR0Ytc2VQ==
  dependencies:
    b4a "^1.5.3"
    z32 "^1.0.0"

hyperdht@^6.11.0:
  version "6.19.0"
  resolved "https://registry.yarnpkg.com/hyperdht/-/hyperdht-6.19.0.tgz#5b8e45ea6cde861ccf147d4dee0da67ca1a0f507"
  integrity sha512-SS/wehfPPiN1o+e2h+NAiGS9Wk3xePRZ3qrIR9NUzyjRyEnFl5S2QnaqWLxepIY8Ba0GsPSfXXCsMCPiCBn4mA==
  dependencies:
    "@hyperswarm/secret-stream" "^6.6.2"
    b4a "^1.3.1"
    bare-events "^2.2.0"
    blind-relay "^1.3.0"
    bogon "^1.0.0"
    compact-encoding "^2.4.1"
    compact-encoding-net "^1.0.1"
    dht-rpc "^6.15.1"
    hypercore-crypto "^3.3.0"
    hypercore-id-encoding "^1.2.0"
    noise-curve-ed "^2.0.0"
    noise-handshake "^3.0.0"
    record-cache "^1.1.1"
    safety-catch "^1.0.1"
    signal-promise "^1.0.3"
    sodium-universal "^4.0.0"
    streamx "^2.16.1"
    unslab "^1.3.0"
    xache "^1.1.0"

hyperswarm@^4.8.2:
  version "4.8.4"
  resolved "https://registry.yarnpkg.com/hyperswarm/-/hyperswarm-4.8.4.tgz#853f5a7f1617adaf696b88e55e5c4ff4d60f911a"
  integrity sha512-+ysGkogdCK3LqF9kpJ5yCp38EkJq0Gr9z0iXLAbFWzKhZfyDMy6YzqIOn1uFDwpNvlHK3tMaSeiBsWkUdT4jHQ==
  dependencies:
    b4a "^1.3.1"
    bare-events "^2.2.0"
    hyperdht "^6.11.0"
    safety-catch "^1.0.2"
    shuffled-priority-queue "^2.1.0"
    unslab "^1.3.0"

hypertrace@^1.4.1:
  version "1.4.2"
  resolved "https://registry.yarnpkg.com/hypertrace/-/hypertrace-1.4.2.tgz#70933403bab99b1711e3e1512d574cc70f9531e8"
  integrity sha512-sa6iq1FaJ03Db3eUl5ZodyOL3fheyrum9xzeHasXOQ/AprTT6vS1WjpbXfYkHhmzVmyn0jBW/VsCb1QaBkGyow==

kademlia-routing-table@^1.0.1:
  version "1.0.3"
  resolved "https://registry.yarnpkg.com/kademlia-routing-table/-/kademlia-routing-table-1.0.3.tgz#03a9a165411114268e632f845df0202a8c90c099"
  integrity sha512-ag1nLPaCSxbLnG6zeTBoGkdm+JSUi2JHMiNynHBoRG8se2w9yfyzepF3oX1B52HOEldtbuxTde5NxbNUtnwGqA==
  dependencies:
    bare-events "^2.2.0"

nanoassert@^2.0.0:
  version "2.0.0"
  resolved "https://registry.yarnpkg.com/nanoassert/-/nanoassert-2.0.0.tgz#a05f86de6c7a51618038a620f88878ed1e490c09"
  integrity sha512-7vO7n28+aYO4J+8w96AzhmU8G+Y/xpPDJz/se19ICsqj/momRbb9mh9ZUtkoJ5X3nTnPdhEJyc0qnM6yAsHBaA==

nat-sampler@^1.0.1:
  version "1.0.1"
  resolved "https://registry.yarnpkg.com/nat-sampler/-/nat-sampler-1.0.1.tgz#2b68338ea6d4c139450cd971fd00a4ac1b33d923"
  integrity sha512-yQvyNN7xbqR8crTKk3U8gRgpcV1Az+vfCEijiHu9oHHsnIl8n3x+yXNHl42M6L3czGynAVoOT9TqBfS87gDdcw==

node-gyp-build@^4.4.0, node-gyp-build@^4.8.0:
  version "4.8.2"
  resolved "https://registry.yarnpkg.com/node-gyp-build/-/node-gyp-build-4.8.2.tgz#4f802b71c1ab2ca16af830e6c1ea7dd1ad9496fa"
  integrity sha512-IRUxE4BVsHWXkV/SFOut4qTlagw2aM8T5/vnTsmrHJvVoKueJHRc/JaFND7QDDc61kLYUJ6qlZM3sqTSyx2dTw==

noise-curve-ed@^2.0.0, noise-curve-ed@^2.0.1:
  version "2.0.1"
  resolved "https://registry.yarnpkg.com/noise-curve-ed/-/noise-curve-ed-2.0.1.tgz#c07adb2dde8dfaffb90aa95be9a522f5ed661e6d"
  integrity sha512-8HMZ40Wmarg8RQjVemLrjB49JSL6eGeOD+tlzaQW5/p+hNPfHFEMC3UZZ57zUqUprMuz6GN+gsPExpz2DWL+iA==
  dependencies:
    b4a "^1.1.0"
    nanoassert "^2.0.0"
    sodium-universal "^4.0.0"

noise-handshake@^3.0.0, noise-handshake@^3.0.2:
  version "3.1.0"
  resolved "https://registry.yarnpkg.com/noise-handshake/-/noise-handshake-3.1.0.tgz#8be14b58f4a956c2a6ab41ff8691c6242a4f5b82"
  integrity sha512-0S1qkUvMbTvZCfgr/vSkVT84YyvI4Q0OLwSc5BFxVmjaePrxAwVeXeJDY3A7N/7+qj95gZ15LaNoP9ZnBXH5Lw==
  dependencies:
    b4a "^1.1.0"
    nanoassert "^2.0.0"
    sodium-universal "^4.0.0"

protomux@^3.5.1:
  version "3.10.0"
  resolved "https://registry.yarnpkg.com/protomux/-/protomux-3.10.0.tgz#407517d4d3c5bd3a1f7023cd07b4604e976ad424"
  integrity sha512-YjNhvdYWI5HGbbUUKRR8DT3mg+RaZQT6V5T83ktd4veAdHg0CLvevcs33wo8rjdEwCnRaSNXkzlw48tbSaPVag==
  dependencies:
    b4a "^1.3.1"
    compact-encoding "^2.5.1"
    queue-tick "^1.0.0"
    safety-catch "^1.0.1"
    unslab "^1.3.0"

queue-tick@^1.0.0, queue-tick@^1.0.1:
  version "1.0.1"
  resolved "https://registry.yarnpkg.com/queue-tick/-/queue-tick-1.0.1.tgz#f6f07ac82c1fd60f82e098b417a80e52f1f4c142"
  integrity sha512-kJt5qhMxoszgU/62PLP1CJytzd2NKetjSRnyuj31fDd3Rlcz3fzlFdFLD1SItunPwyqEOkca6GbV612BWfaBag==

record-cache@^1.1.1:
  version "1.2.0"
  resolved "https://registry.yarnpkg.com/record-cache/-/record-cache-1.2.0.tgz#e601bc4f164d58330cc00055e27aa4682291c882"
  integrity sha512-kyy3HWCez2WrotaL3O4fTn0rsIdfRKOdQQcEJ9KpvmKmbffKVvwsloX063EgRUlpJIXHiDQFhJcTbZequ2uTZw==
  dependencies:
    b4a "^1.3.1"

safety-catch@^1.0.1, safety-catch@^1.0.2:
  version "1.0.2"
  resolved "https://registry.yarnpkg.com/safety-catch/-/safety-catch-1.0.2.tgz#d64cbd57fd601da91c356b6ab8902f3e449a7a4b"
  integrity sha512-C1UYVZ4dtbBxEtvOcpjBaaD27nP8MlvyAQEp2fOTOEe6pfUpk1cDUxij6BR1jZup6rSyUTaBBplK7LanskrULA==

shuffled-priority-queue@^2.1.0:
  version "2.1.0"
  resolved "https://registry.yarnpkg.com/shuffled-priority-queue/-/shuffled-priority-queue-2.1.0.tgz#432bf14dd90f7c4dd1705752d81aadf454fd3af6"
  integrity sha512-xhdh7fHyMsr0m/w2kDfRJuBFRS96b9l8ZPNWGaQ+PMvnUnZ/Eh+gJJ9NsHBd7P9k0399WYlCLzsy18EaMfyadA==
  dependencies:
    unordered-set "^2.0.1"

signal-promise@^1.0.3:
  version "1.0.3"
  resolved "https://registry.yarnpkg.com/signal-promise/-/signal-promise-1.0.3.tgz#3a6ae4591b7e5b926c06a85a92ceedacbbee858f"
  integrity sha512-WBgv0UnIq2C+Aeh0/n+IRpP6967eIx9WpynTUoiW3isPpfe1zu2LJzyfXdo9Tgef8yR/sGjcMvoUXD7EYdiz+g==

sodium-native@^4.0.0:
  version "4.2.2"
  resolved "https://registry.yarnpkg.com/sodium-native/-/sodium-native-4.2.2.tgz#23f01647b2d6ed259126927cd5bbe89f401a7ac8"
  integrity sha512-/gYaDtIK76FRcW0oBhIKJvLCDp706rJugd8wxJUBdbutgWrDlviG4tp8k+HfIRdy0Z+MbQE32ZGr4RPu1vXSsw==
  dependencies:
    node-gyp-build "^4.8.0"

sodium-secretstream@^1.1.0:
  version "1.1.1"
  resolved "https://registry.yarnpkg.com/sodium-secretstream/-/sodium-secretstream-1.1.1.tgz#77c3abe5312c06798d2408f2ce2eed8b841fb47b"
  integrity sha512-9lRQtNdQYmANo+sgNjEQafKrd/N4ojqv17E8wOzx3yOCaOJ5Gb4MuXoYq2Nv4Xo9Kt2fOROYcmV24bamu86c8A==
  dependencies:
    b4a "^1.1.1"
    sodium-universal "^4.0.0"

sodium-universal@^4.0.0, sodium-universal@^4.0.1:
  version "4.0.1"
  resolved "https://registry.yarnpkg.com/sodium-universal/-/sodium-universal-4.0.1.tgz#75146f3b6fb6ab0dcc9278ad468ef5f23a0351e4"
  integrity sha512-sNp13PrxYLaUFHTGoDKkSDFvoEu51bfzE12RwGlqU1fcrkpAOK0NvizaJzOWV0Omtk9me2+Pnbjcf/l0efxuGQ==
  dependencies:
    sodium-native "^4.0.0"

streamx@^2.13.2, streamx@^2.14.0, streamx@^2.15.1, streamx@^2.16.1:
  version "2.20.1"
  resolved "https://registry.yarnpkg.com/streamx/-/streamx-2.20.1.tgz#471c4f8b860f7b696feb83d5b125caab2fdbb93c"
  integrity sha512-uTa0mU6WUC65iUvzKH4X9hEdvSW7rbPxPtwfWiLMSj3qTdQbAiUboZTxauKfpFuGIGa1C2BYijZ7wgdUXICJhA==
  dependencies:
    fast-fifo "^1.3.2"
    queue-tick "^1.0.1"
    text-decoder "^1.1.0"
  optionalDependencies:
    bare-events "^2.2.0"

text-decoder@^1.1.0:
  version "1.2.1"
  resolved "https://registry.yarnpkg.com/text-decoder/-/text-decoder-1.2.1.tgz#e173f5121d97bfa3ff8723429ad5ba92e1ead67e"
  integrity sha512-x9v3H/lTKIJKQQe7RPQkLfKAnc9lUTkWDypIQgTzPJAq+5/GCDHonmshfvlsNSj58yyshbIJJDLmU15qNERrXQ==

time-ordered-set@^2.0.0:
  version "2.0.1"
  resolved "https://registry.yarnpkg.com/time-ordered-set/-/time-ordered-set-2.0.1.tgz#66327419aa983a6e8c8f9e1b6832f721462c95b7"
  integrity sha512-VJEKmgSN2UiOLB8BpN8Sh2b9LGMHTP5OPrQRpnKjvOheOyzk0mufbjzjKTIG2gO4A+Y+vDJ+0TcLbpUmMLsg8A==

timeout-refresh@^2.0.0:
  version "2.0.1"
  resolved "https://registry.yarnpkg.com/timeout-refresh/-/timeout-refresh-2.0.1.tgz#f8ec7cf1f9d93b2635b7d4388cb820c5f6c16f98"
  integrity sha512-SVqEcMZBsZF9mA78rjzCrYrUs37LMJk3ShZ851ygZYW1cMeIjs9mL57KO6Iv5mmjSQnOe/29/VAfGXo+oRCiVw==

udx-native@^1.5.3:
  version "1.14.0"
  resolved "https://registry.yarnpkg.com/udx-native/-/udx-native-1.14.0.tgz#005c35cd6808b5be2563722eb97fab627ac321ff"
  integrity sha512-w4/bZsvzg5lZwBPRx56mGsQMD1HtnL81s5ig96xzX6GPGMCdOMfxa4ktAM2qh7vOj1nu6kL2FjKBO+Fe7lUBrw==
  dependencies:
    b4a "^1.5.0"
    bare-events "^2.2.0"
    node-gyp-build "^4.4.0"
    streamx "^2.14.0"

unordered-set@^2.0.1:
  version "2.0.1"
  resolved "https://registry.yarnpkg.com/unordered-set/-/unordered-set-2.0.1.tgz#4cd0fe27b8814bcf5d6073e5f0966ec7a50841e6"
  integrity sha512-eUmNTPzdx+q/WvOHW0bgGYLWvWHNT3PTKEQLg0MAQhc0AHASHVHoP/9YytYd4RBVariqno/mEUhVZN98CmD7bg==

unslab@^1.3.0:
  version "1.3.0"
  resolved "https://registry.yarnpkg.com/unslab/-/unslab-1.3.0.tgz#6b5c21c873f2adc34ac10475438344f51f681988"
  integrity sha512-YATkfKAFj47kTzmiQrWXMyRvaVrHsW6MEALa4bm+FhiA2YG4oira+Z3DXN6LrYOYn2Y8eO94Lwl9DOHjs1FpoQ==
  dependencies:
    b4a "^1.6.6"

xache@^1.1.0:
  version "1.2.1"
  resolved "https://registry.yarnpkg.com/xache/-/xache-1.2.1.tgz#0c2041ba13d8c60d2e10214a0ce99894315f9349"
  integrity sha512-igRS6jPreJ54ABdzhh4mCDXcz+XMaWO2q1ABRV2yWYuk29jlp8VT7UBdCqNkX7rpYBbXsebVVKkwIuYZjyZNqA==

z32@^1.0.0:
  version "1.1.0"
  resolved "https://registry.yarnpkg.com/z32/-/z32-1.1.0.tgz#f308de8e0cb877671368de47b9cb4c9d5a6f507e"
  integrity sha512-1WUHy+VS6d0HPNspDxvLssBbeQjXMjSnpv0vH82vRAUfg847NmX3OXozp/hRP5jPhxBbrVzrgvAt+UsGNzRFQQ==
  dependencies:
    b4a "^1.5.3"
